
Microsoft Visual Studio Solution File, Format Version 12.00
# Visual Studio Version 17
VisualStudioVersion = 17.14.36327.8
MinimumVisualStudioVersion = 10.0.40219.1
Project("{9A19103F-16F7-4668-BE54-9A1E7A4F7556}") = "AOWebApp", "AOWebApp.csproj", "{3E8B499D-3605-4083-A735-5FB45CA78B02}"
EndProject
Global
	GlobalSection(SolutionConfigurationPlatforms) = preSolution
		Debug|Any CPU = Debug|Any CPU
		Release|Any CPU = Release|Any CPU
	EndGlobalSection
	GlobalSection(ProjectConfigurationPlatforms) = postSolution
		{3E8B499D-3605-4083-A735-5FB45CA78B02}.Debug|Any CPU.ActiveCfg = Debug|Any CPU
		{3E8B499D-3605-4083-A735-5FB45CA78B02}.Debug|Any CPU.Build.0 = Debug|Any CPU
		{3E8B499D-3605-4083-A735-5FB45CA78B02}.Release|Any CPU.ActiveCfg = Release|Any CPU
		{3E8B499D-3605-4083-A735-5FB45CA78B02}.Release|Any CPU.Build.0 = Release|Any CPU
	EndGlobalSection
	GlobalSection(SolutionProperties) = preSolution
		HideSolutionNode = FALSE
	EndGlobalSection
	GlobalSection(ExtensibilityGlobals) = postSolution
		SolutionGuid = {B1B47250-CB55-4804-B354-9CE8EF4246B4}
	EndGlobalSection
EndGlobal
